
Microsoft Visual Studio Solution File, Format Version 12.00
# Visual Studio Version 17
VisualStudioVersion = 17.11.35222.181
MinimumVisualStudioVersion = 10.0.40219.1
Project("{FAE04EC0-301F-11D3-BF4B-00C04F79EFBC}") = "AplicativoMyCineList", "AplicativoMyCineList.csproj", "{668840BD-D08B-4F37-B7F9-180109486CB9}"
EndProject
Project("{2150E333-8FDC-42A3-9474-1A3956D46DE8}") = "Itens de Solução", "Itens de Solução", "{FDFC38C4-0A3E-4A22-A662-B92E36EC3525}"
EndProject
Global
	GlobalSection(SolutionConfigurationPlatforms) = preSolution
		Debug|Any CPU = Debug|Any CPU
		Release|Any CPU = Release|Any CPU
	EndGlobalSection
	GlobalSection(ProjectConfigurationPlatforms) = postSolution
		{668840BD-D08B-4F37-B7F9-180109486CB9}.Debug|Any CPU.ActiveCfg = Debug|Any CPU
		{668840BD-D08B-4F37-B7F9-180109486CB9}.Debug|Any CPU.Build.0 = Debug|Any CPU
		{668840BD-D08B-4F37-B7F9-180109486CB9}.Release|Any CPU.ActiveCfg = Release|Any CPU
		{668840BD-D08B-4F37-B7F9-180109486CB9}.Release|Any CPU.Build.0 = Release|Any CPU
	EndGlobalSection
	GlobalSection(SolutionProperties) = preSolution
		HideSolutionNode = FALSE
	EndGlobalSection
	GlobalSection(ExtensibilityGlobals) = postSolution
		SolutionGuid = {FC28B458-A2B8-408F-8C8B-5394C5EEBB6B}
	EndGlobalSection
EndGlobal
